// !$*UTF8*$!
{
	archiveVersion = 1;
	classes = {
	};
	objectVersion = 46;
	objects = {

/* Begin PBXBuildFile section */
		F274B8AE1E1C353300FB673D /* AppDelegate.swift in Sources */ = {isa = PBXBuildFile; fileRef = F274B8AD1E1C353300FB673D /* AppDelegate.swift */; };
		F274B8B01E1C353300FB673D /* ViewController.swift in Sources */ = {isa = PBXBuildFile; fileRef = F274B8AF1E1C353300FB673D /* ViewController.swift */; };
		F274B8B31E1C353300FB673D /* Main.storyboard in Resources */ = {isa = PBXBuildFile; fileRef = F274B8B11E1C353300FB673D /* Main.storyboard */; };
		F274B8B51E1C353300FB673D /* Assets.xcassets in Resources */ = {isa = PBXBuildFile; fileRef = F274B8B41E1C353300FB673D /* Assets.xcassets */; };
		F274B8B81E1C353300FB673D /* LaunchScreen.storyboard in Resources */ = {isa = PBXBuildFile; fileRef = F274B8B61E1C353300FB673D /* LaunchScreen.storyboard */; };
		F274B8C31E1C353300FB673D /* TipsterTests.swift in Sources */ = {isa = PBXBuildFile; fileRef = F274B8C21E1C353300FB673D /* TipsterTests.swift */; };
		F274B8CE1E1C353300FB673D /* TipsterUITests.swift in Sources */ = {isa = PBXBuildFile; fileRef = F274B8CD1E1C353300FB673D /* TipsterUITests.swift */; };
/* End PBXBuildFile section */

/* Begin PBXContainerItemProxy section */
		F274B8BF1E1C353300FB673D /* PBXContainerItemProxy */ = {
			isa = PBXContainerItemProxy;
			containerPortal = F274B8A21E1C353300FB673D /* Project object */;
			proxyType = 1;
			remoteGlobalIDString = F274B8A91E1C353300FB673D;
			remoteInfo = Tipster;
		};
		F274B8CA1E1C353300FB673D /* PBXContainerItemProxy */ = {
			isa = PBXContainerItemProxy;
			containerPortal = F274B8A21E1C353300FB673D /* Project object */;
			proxyType = 1;
			remoteGlobalIDString = F274B8A91E1C353300FB673D;
			remoteInfo = Tipster;
		};
/* End PBXContainerItemProxy section */

/* Begin PBXFileReference section */
		F274B8AA1E1C353300FB673D /* Tipster.app */ = {isa = PBXFileReference; explicitFileType = wrapper.application; includeInIndex = 0; path = Tipster.app; sourceTree = BUILT_PRODUCTS_DIR; };
		F274B8AD1E1C353300FB673D /* AppDelegate.swift */ = {isa = PBXFileReference; lastKnownFileType = sourcecode.swift; path = AppDelegate.swift; sourceTree = "<group>"; };
		F274B8AF1E1C353300FB673D /* ViewController.swift */ = {isa = PBXFileReference; lastKnownFileType = sourcecode.swift; path = ViewController.swift; sourceTree = "<group>"; };
		F274B8B21E1C353300FB673D /* Base */ = {isa = PBXFileReference; lastKnownFileType = file.storyboard; name = Base; path = Base.lproj/Main.storyboard; sourceTree = "<group>"; };
		F274B8B41E1C353300FB673D /* Assets.xcassets */ = {isa = PBXFileReference; lastKnownFileType = folder.assetcatalog; path = Assets.xcassets; sourceTree = "<group>"; };
		F274B8B71E1C353300FB673D /* Base */ = {isa = PBXFileReference; lastKnownFileType = file.storyboard; name = Base; path = Base.lproj/LaunchScreen.storyboard; sourceTree = "<group>"; };
		F274B8B91E1C353300FB673D /* Info.plist */ = {isa = PBXFileReference; lastKnownFileType = text.plist.xml; path = Info.plist; sourceTree = "<group>"; };
		F274B8BE1E1C353300FB673D /* TipsterTests.xctest */ = {isa = PBXFileReference; explicitFileType = wrapper.cfbundle; includeInIndex = 0; path = TipsterTests.xctest; sourceTree = BUILT_PRODUCTS_DIR; };
		F274B8C21E1C353300FB673D /* TipsterTests.swift */ = {isa = PBXFileReference; lastKnownFileType = sourcecode.swift; path = TipsterTests.swift; sourceTree = "<group>"; };
		F274B8C41E1C353300FB673D /* Info.plist */ = {isa = PBXFileReference; lastKnownFileType = text.plist.xml; path = Info.plist; sourceTree = "<group>"; };
		F274B8C91E1C353300FB673D /* TipsterUITests.xctest */ = {isa = PBXFileReference; explicitFileType = wrapper.cfbundle; includeInIndex = 0; path = TipsterUITests.xctest; sourceTree = BUILT_PRODUCTS_DIR; };
		F274B8CD1E1C353300FB673D /* TipsterUITests.swift */ = {isa = PBXFileReference; lastKnownFileType = sourcecode.swift; path = TipsterUITests.swift; sourceTree = "<group>"; };
		F274B8CF1E1C353300FB673D /* Info.plist */ = {isa = PBXFileReference; lastKnownFileType = text.plist.xml; path = Info.plist; sourceTree = "<group>"; };
/* End PBXFileReference section */

/* Begin PBXFrameworksBuildPhase section */
		F274B8A71E1C353300FB673D /* Frameworks */ = {
			isa = PBXFrameworksBuildPhase;
			buildActionMask = 2147483647;
			files = (
			);
			runOnlyForDeploymentPostprocessing = 0;
		};
		F274B8BB1E1C353300FB673D /* Frameworks */ = {
			isa = PBXFrameworksBuildPhase;
			buildActionMask = 2147483647;
			files = (
			);
			runOnlyForDeploymentPostprocessing = 0;
		};
		F274B8C61E1C353300FB673D /* Frameworks */ = {
			isa = PBXFrameworksBuildPhase;
			buildActionMask = 2147483647;
			files = (
			);
			runOnlyForDeploymentPostprocessing = 0;
		};
/* End PBXFrameworksBuildPhase section */

/* Begin PBXGroup section */
		F274B8A11E1C353300FB673D = {
			isa = PBXGroup;
			children = (
				F274B8AC1E1C353300FB673D /* Tipster */,
				F274B8C11E1C353300FB673D /* TipsterTests */,
				F274B8CC1E1C353300FB673D /* TipsterUITests */,
				F274B8AB1E1C353300FB673D /* Products */,
			);
			sourceTree = "<group>";
		};
		F274B8AB1E1C353300FB673D /* Products */ = {
			isa = PBXGroup;
			children = (
				F274B8AA1E1C353300FB673D /* Tipster.app */,
				F274B8BE1E1C353300FB673D /* TipsterTests.xctest */,
				F274B8C91E1C353300FB673D /* TipsterUITests.xctest */,
			);
			name = Products;
			sourceTree = "<group>";
		};
		F274B8AC1E1C353300FB673D /* Tipster */ = {
			isa = PBXGroup;
			children = (
				F274B8AD1E1C353300FB673D /* AppDelegate.swift */,
				F274B8AF1E1C353300FB673D /* ViewController.swift */,
				F274B8B11E1C353300FB673D /* Main.storyboard */,
				F274B8B41E1C353300FB673D /* Assets.xcassets */,
				F274B8B61E1C353300FB673D /* LaunchScreen.storyboard */,
				F274B8B91E1C353300FB673D /* Info.plist */,
			);
			path = Tipster;
			sourceTree = "<group>";
		};
		F274B8C11E1C353300FB673D /* TipsterTests */ = {
			isa = PBXGroup;
			children = (
				F274B8C21E1C353300FB673D /* TipsterTests.swift */,
				F274B8C41E1C353300FB673D /* Info.plist */,
			);
			path = TipsterTests;
			sourceTree = "<group>";
		};
		F274B8CC1E1C353300FB673D /* TipsterUITests */ = {
			isa = PBXGroup;
			children = (
				F274B8CD1E1C353300FB673D /* TipsterUITests.swift */,
				F274B8CF1E1C353300FB673D /* Info.plist */,
			);
			path = TipsterUITests;
			sourceTree = "<group>";
		};
/* End PBXGroup section */

/* Begin PBXNativeTarget section */
		F274B8A91E1C353300FB673D /* Tipster */ = {
			isa = PBXNativeTarget;
			buildConfigurationList = F274B8D21E1C353300FB673D /* Build configuration list for PBXNativeTarget "Tipster" */;
			buildPhases = (
				F274B8A61E1C353300FB673D /* Sources */,
				F274B8A71E1C353300FB673D /* Frameworks */,
				F274B8A81E1C353300FB673D /* Resources */,
			);
			buildRules = (
			);
			dependencies = (
			);
			name = Tipster;
			productName = Tipster;
			productReference = F274B8AA1E1C353300FB673D /* Tipster.app */;
			productType = "com.apple.product-type.application";
		};
		F274B8BD1E1C353300FB673D /* TipsterTests */ = {
			isa = PBXNativeTarget;
			buildConfigurationList = F274B8D51E1C353300FB673D /* Build configuration list for PBXNativeTarget "TipsterTests" */;
			buildPhases = (
				F274B8BA1E1C353300FB673D /* Sources */,
				F274B8BB1E1C353300FB673D /* Frameworks */,
				F274B8BC1E1C353300FB673D /* Resources */,
			);
			buildRules = (
			);
			dependencies = (
				F274B8C01E1C353300FB673D /* PBXTargetDependency */,
			);
			name = TipsterTests;
			productName = TipsterTests;
			productReference = F274B8BE1E1C353300FB673D /* TipsterTests.xctest */;
			productType = "com.apple.product-type.bundle.unit-test";
		};
		F274B8C81E1C353300FB673D /* TipsterUITests */ = {
			isa = PBXNativeTarget;
			buildConfigurationList = F274B8D81E1C353300FB673D /* Build configuration list for PBXNativeTarget "TipsterUITests" */;
			buildPhases = (
				F274B8C51E1C353300FB673D /* Sources */,
				F274B8C61E1C353300FB673D /* Frameworks */,
				F274B8C71E1C353300FB673D /* Resources */,
			);
			buildRules = (
			);
			dependencies = (
				F274B8CB1E1C353300FB673D /* PBXTargetDependency */,
			);
			name = TipsterUITests;
			productName = TipsterUITests;
			productReference = F274B8C91E1C353300FB673D /* TipsterUITests.xctest */;
			productType = "com.apple.product-type.bundle.ui-testing";
		};
/* End PBXNativeTarget section */

/* Begin PBXProject section */
		F274B8A21E1C353300FB673D /* Project object */ = {
			isa = PBXProject;
			attributes = {
				LastSwiftUpdateCheck = 0820;
				LastUpgradeCheck = 0820;
				ORGANIZATIONNAME = "Stephanie Henriquez";
				TargetAttributes = {
					F274B8A91E1C353300FB673D = {
						CreatedOnToolsVersion = 8.2.1;
						ProvisioningStyle = Automatic;
					};
					F274B8BD1E1C353300FB673D = {
						CreatedOnToolsVersion = 8.2.1;
						ProvisioningStyle = Automatic;
						TestTargetID = F274B8A91E1C353300FB673D;
					};
					F274B8C81E1C353300FB673D = {
						CreatedOnToolsVersion = 8.2.1;
						ProvisioningStyle = Automatic;
						TestTargetID = F274B8A91E1C353300FB673D;
					};
				};
			};
			buildConfigurationList = F274B8A51E1C353300FB673D /* Build configuration list for PBXProject "Tipster" */;
			compatibilityVersion = "Xcode 3.2";
			developmentRegion = English;
			hasScannedForEncodings = 0;
			knownRegions = (
				en,
				Base,
			);
			mainGroup = F274B8A11E1C353300FB673D;
			productRefGroup = F274B8AB1E1C353300FB673D /* Products */;
			projectDirPath = "";
			projectRoot = "";
			targets = (
				F274B8A91E1C353300FB673D /* Tipster */,
				F274B8BD1E1C353300FB673D /* TipsterTests */,
				F274B8C81E1C353300FB673D /* TipsterUITests */,
			);
		};
/* End PBXProject section */

/* Begin PBXResourcesBuildPhase section */
		F274B8A81E1C353300FB673D /* Resources */ = {
			isa = PBXResourcesBuildPhase;
			buildActionMask = 2147483647;
			files = (
				F274B8B81E1C353300FB673D /* LaunchScreen.storyboard in Resources */,
				F274B8B51E1C353300FB673D /* Assets.xcassets in Resources */,
				F274B8B31E1C353300FB673D /* Main.storyboard in Resources */,
			);
			runOnlyForDeploymentPostprocessing = 0;
		};
		F274B8BC1E1C353300FB673D /* Resources */ = {
			isa = PBXResourcesBuildPhase;
			buildActionMask = 2147483647;
			files = (
			);
			runOnlyForDeploymentPostprocessing = 0;
		};
		F274B8C71E1C353300FB673D /* Resources */ = {
			isa = PBXResourcesBuildPhase;
			buildActionMask = 2147483647;
			files = (
			);
			runOnlyForDeploymentPostprocessing = 0;
		};
/* End PBXResourcesBuildPhase section */

/* Begin PBXSourcesBuildPhase section */
		F274B8A61E1C353300FB673D /* Sources */ = {
			isa = PBXSourcesBuildPhase;
			buildActionMask = 2147483647;
			files = (
				F274B8B01E1C353300FB673D /* ViewController.swift in Sources */,
				F274B8AE1E1C353300FB673D /* AppDelegate.swift in Sources */,
			);
			runOnlyForDeploymentPostprocessing = 0;
		};
		F274B8BA1E1C353300FB673D /* Sources */ = {
			isa = PBXSourcesBuildPhase;
			buildActionMask = 2147483647;
			files = (
				F274B8C31E1C353300FB673D /* TipsterTests.swift in Sources */,
			);
			runOnlyForDeploymentPostprocessing = 0;
		};
		F274B8C51E1C353300FB673D /* Sources */ = {
			isa = PBXSourcesBuildPhase;
			buildActionMask = 2147483647;
			files = (
				F274B8CE1E1C353300FB673D /* TipsterUITests.swift in Sources */,
			);
			runOnlyForDeploymentPostprocessing = 0;
		};
/* End PBXSourcesBuildPhase section */

/* Begin PBXTargetDependency section */
		F274B8C01E1C353300FB673D /* PBXTargetDependency */ = {
			isa = PBXTargetDependency;
			target = F274B8A91E1C353300FB673D /* Tipster */;
			targetProxy = F274B8BF1E1C353300FB673D /* PBXContainerItemProxy */;
		};
		F274B8CB1E1C353300FB673D /* PBXTargetDependency */ = {
			isa = PBXTargetDependency;
			target = F274B8A91E1C353300FB673D /* Tipster */;
			targetProxy = F274B8CA1E1C353300FB673D /* PBXContainerItemProxy */;
		};
/* End PBXTargetDependency section */

/* Begin PBXVariantGroup section */
		F274B8B11E1C353300FB673D /* Main.storyboard */ = {
			isa = PBXVariantGroup;
			children = (
				F274B8B21E1C353300FB673D /* Base */,
			);
			name = Main.storyboard;
			sourceTree = "<group>";
		};
		F274B8B61E1C353300FB673D /* LaunchScreen.storyboard */ = {
			isa = PBXVariantGroup;
			children = (
				F274B8B71E1C353300FB673D /* Base */,
			);
			name = LaunchScreen.storyboard;
			sourceTree = "<group>";
		};
/* End PBXVariantGroup section */

/* Begin XCBuildConfiguration section */
		F274B8D01E1C353300FB673D /* Debug */ = {
			isa = XCBuildConfiguration;
			buildSettings = {
				ALWAYS_SEARCH_USER_PATHS = NO;
				CLANG_ANALYZER_NONNULL = YES;
				CLANG_CXX_LANGUAGE_STANDARD = "gnu++0x";
				CLANG_CXX_LIBRARY = "libc++";
				CLANG_ENABLE_MODULES = YES;
				CLANG_ENABLE_OBJC_ARC = YES;
				CLANG_WARN_BOOL_CONVERSION = YES;
				CLANG_WARN_CONSTANT_CONVERSION = YES;
				CLANG_WARN_DIRECT_OBJC_ISA_USAGE = YES_ERROR;
				CLANG_WARN_DOCUMENTATION_COMMENTS = YES;
				CLANG_WARN_EMPTY_BODY = YES;
				CLANG_WARN_ENUM_CONVERSION = YES;
				CLANG_WARN_INFINITE_RECURSION = YES;
				CLANG_WARN_INT_CONVERSION = YES;
				CLANG_WARN_OBJC_ROOT_CLASS = YES_ERROR;
				CLANG_WARN_SUSPICIOUS_MOVE = YES;
				CLANG_WARN_UNREACHABLE_CODE = YES;
				CLANG_WARN__DUPLICATE_METHOD_MATCH = YES;
				"CODE_SIGN_IDENTITY[sdk=iphoneos*]" = "iPhone Developer";
				COPY_PHASE_STRIP = NO;
				DEBUG_INFORMATION_FORMAT = dwarf;
				ENABLE_STRICT_OBJC_MSGSEND = YES;
				ENABLE_TESTABILITY = YES;
				GCC_C_LANGUAGE_STANDARD = gnu99;
				GCC_DYNAMIC_NO_PIC = NO;
				GCC_NO_COMMON_BLOCKS = YES;
				GCC_OPTIMIZATION_LEVEL = 0;
				GCC_PREPROCESSOR_DEFINITIONS = (
					"DEBUG=1",
					"$(inherited)",
				);
				GCC_WARN_64_TO_32_BIT_CONVERSION = YES;
				GCC_WARN_ABOUT_RETURN_TYPE = YES_ERROR;
				GCC_WARN_UNDECLARED_SELECTOR = YES;
				GCC_WARN_UNINITIALIZED_AUTOS = YES_AGGRESSIVE;
				GCC_WARN_UNUSED_FUNCTION = YES;
				GCC_WARN_UNUSED_VARIABLE = YES;
				IPHONEOS_DEPLOYMENT_TARGET = 10.2;
				MTL_ENABLE_DEBUG_INFO = YES;
				ONLY_ACTIVE_ARCH = YES;
				SDKROOT = iphoneos;
				SWIFT_ACTIVE_COMPILATION_CONDITIONS = DEBUG;
				SWIFT_OPTIMIZATION_LEVEL = "-Onone";
			};
			name = Debug;
		};
		F274B8D11E1C353300FB673D /* Release */ = {
			isa = XCBuildConfiguration;
			buildSettings = {
				ALWAYS_SEARCH_USER_PATHS = NO;
				CLANG_ANALYZER_NONNULL = YES;
				CLANG_CXX_LANGUAGE_STANDARD = "gnu++0x";
				CLANG_CXX_LIBRARY = "libc++";
				CLANG_ENABLE_MODULES = YES;
				CLANG_ENABLE_OBJC_ARC = YES;
				CLANG_WARN_BOOL_CONVERSION = YES;
				CLANG_WARN_CONSTANT_CONVERSION = YES;
				CLANG_WARN_DIRECT_OBJC_ISA_USAGE = YES_ERROR;
				CLANG_WARN_DOCUMENTATION_COMMENTS = YES;
				CLANG_WARN_EMPTY_BODY = YES;
				CLANG_WARN_ENUM_CONVERSION = YES;
				CLANG_WARN_INFINITE_RECURSION = YES;
				CLANG_WARN_INT_CONVERSION = YES;
				CLANG_WARN_OBJC_ROOT_CLASS = YES_ERROR;
				CLANG_WARN_SUSPICIOUS_MOVE = YES;
				CLANG_WARN_UNREACHABLE_CODE = YES;
				CLANG_WARN__DUPLICATE_METHOD_MATCH = YES;
				"CODE_SIGN_IDENTITY[sdk=iphoneos*]" = "iPhone Developer";
				COPY_PHASE_STRIP = NO;
				DEBUG_INFORMATION_FORMAT = "dwarf-with-dsym";
				ENABLE_NS_ASSERTIONS = NO;
				ENABLE_STRICT_OBJC_MSGSEND = YES;
				GCC_C_LANGUAGE_STANDARD = gnu99;
				GCC_NO_COMMON_BLOCKS = YES;
				GCC_WARN_64_TO_32_BIT_CONVERSION = YES;
				GCC_WARN_ABOUT_RETURN_TYPE = YES_ERROR;
				GCC_WARN_UNDECLARED_SELECTOR = YES;
				GCC_WARN_UNINITIALIZED_AUTOS = YES_AGGRESSIVE;
				GCC_WARN_UNUSED_FUNCTION = YES;
				GCC_WARN_UNUSED_VARIABLE = YES;
				IPHONEOS_DEPLOYMENT_TARGET = 10.2;
				MTL_ENABLE_DEBUG_INFO = NO;
				SDKROOT = iphoneos;
				SWIFT_OPTIMIZATION_LEVEL = "-Owholemodule";
				VALIDATE_PRODUCT = YES;
			};
			name = Release;
		};
		F274B8D31E1C353300FB673D /* Debug */ = {
			isa = XCBuildConfiguration;
			buildSettings = {
				ASSETCATALOG_COMPILER_APPICON_NAME = AppIcon;
				INFOPLIST_FILE = Tipster/Info.plist;
				LD_RUNPATH_SEARCH_PATHS = "$(inherited) @executable_path/Frameworks";
				PRODUCT_BUNDLE_IDENTIFIER = com.SRH.Tipster;
				PRODUCT_NAME = "$(TARGET_NAME)";
				SWIFT_VERSION = 3.0;
			};
			name = Debug;
		};
		F274B8D41E1C353300FB673D /* Release */ = {
			isa = XCBuildConfiguration;
			buildSettings = {
				ASSETCATALOG_COMPILER_APPICON_NAME = AppIcon;
				INFOPLIST_FILE = Tipster/Info.plist;
				LD_RUNPATH_SEARCH_PATHS = "$(inherited) @executable_path/Frameworks";
				PRODUCT_BUNDLE_IDENTIFIER = com.SRH.Tipster;
				PRODUCT_NAME = "$(TARGET_NAME)";
				SWIFT_VERSION = 3.0;
			};
			name = Release;
		};
		F274B8D61E1C353300FB673D /* Debug */ = {
			isa = XCBuildConfiguration;
			buildSettings = {
				ALWAYS_EMBED_SWIFT_STANDARD_LIBRARIES = YES;
				BUNDLE_LOADER = "$(TEST_HOST)";
				INFOPLIST_FILE = TipsterTests/Info.plist;
				LD_RUNPATH_SEARCH_PATHS = "$(inherited) @executable_path/Frameworks @loader_path/Frameworks";
				PRODUCT_BUNDLE_IDENTIFIER = com.SRH.TipsterTests;
				PRODUCT_NAME = "$(TARGET_NAME)";
				SWIFT_VERSION = 3.0;
				TEST_HOST = "$(BUILT_PRODUCTS_DIR)/Tipster.app/Tipster";
			};
			name = Debug;
		};
		F274B8D71E1C353300FB673D /* Release */ = {
			isa = XCBuildConfiguration;
			buildSettings = {
				ALWAYS_EMBED_SWIFT_STANDARD_LIBRARIES = YES;
				BUNDLE_LOADER = "$(TEST_HOST)";
				INFOPLIST_FILE = TipsterTests/Info.plist;
				LD_RUNPATH_SEARCH_PATHS = "$(inherited) @executable_path/Frameworks @loader_path/Frameworks";
				PRODUCT_BUNDLE_IDENTIFIER = com.SRH.TipsterTests;
				PRODUCT_NAME = "$(TARGET_NAME)";
				SWIFT_VERSION = 3.0;
				TEST_HOST = "$(BUILT_PRODUCTS_DIR)/Tipster.app/Tipster";
			};
			name = Release;
		};
		F274B8D91E1C353300FB673D /* Debug */ = {
			isa = XCBuildConfiguration;
			buildSettings = {
				ALWAYS_EMBED_SWIFT_STANDARD_LIBRARIES = YES;
				INFOPLIST_FILE = TipsterUITests/Info.plist;
				LD_RUNPATH_SEARCH_PATHS = "$(inherited) @executable_path/Frameworks @loader_path/Frameworks";
				PRODUCT_BUNDLE_IDENTIFIER = com.SRH.TipsterUITests;
				PRODUCT_NAME = "$(TARGET_NAME)";
				SWIFT_VERSION = 3.0;
				TEST_TARGET_NAME = Tipster;
			};
			name = Debug;
		};
		F274B8DA1E1C353300FB673D /* Release */ = {
			isa = XCBuildConfiguration;
			buildSettings = {
				ALWAYS_EMBED_SWIFT_STANDARD_LIBRARIES = YES;
				INFOPLIST_FILE = TipsterUITests/Info.plist;
				LD_RUNPATH_SEARCH_PATHS = "$(inherited) @executable_path/Frameworks @loader_path/Frameworks";
				PRODUCT_BUNDLE_IDENTIFIER = com.SRH.TipsterUITests;
				PRODUCT_NAME = "$(TARGET_NAME)";
				SWIFT_VERSION = 3.0;
				TEST_TARGET_NAME = Tipster;
			};
			name = Release;
		};
/* End XCBuildConfiguration section */

/* Begin XCConfigurationList section */
		F274B8A51E1C353300FB673D /* Build configuration list for PBXProject "Tipster" */ = {
			isa = XCConfigurationList;
			buildConfigurations = (
				F274B8D01E1C353300FB673D /* Debug */,
				F274B8D11E1C353300FB673D /* Release */,
			);
			defaultConfigurationIsVisible = 0;
			defaultConfigurationName = Release;
		};
		F274B8D21E1C353300FB673D /* Build configuration list for PBXNativeTarget "Tipster" */ = {
			isa = XCConfigurationList;
			buildConfigurations = (
				F274B8D31E1C353300FB673D /* Debug */,
				F274B8D41E1C353300FB673D /* Release */,
			);
			defaultConfigurationIsVisible = 0;
		};
		F274B8D51E1C353300FB673D /* Build configuration list for PBXNativeTarget "TipsterTests" */ = {
			isa = XCConfigurationList;
			buildConfigurations = (
				F274B8D61E1C353300FB673D /* Debug */,
				F274B8D71E1C353300FB673D /* Release */,
			);
			defaultConfigurationIsVisible = 0;
		};
		F274B8D81E1C353300FB673D /* Build configuration list for PBXNativeTarget "TipsterUITests" */ = {
			isa = XCConfigurationList;
			buildConfigurations = (
				F274B8D91E1C353300FB673D /* Debug */,
				F274B8DA1E1C353300FB673D /* Release */,
			);
			defaultConfigurationIsVisible = 0;
		};
/* End XCConfigurationList section */
	};
	rootObject = F274B8A21E1C353300FB673D /* Project object */;
}
